
Microsoft Visual Studio Solution File, Format Version 12.00
# Visual Studio Version 16
VisualStudioVersion = 16.0.31321.278
MinimumVisualStudioVersion = 10.0.40219.1
Project("{FAE04EC0-301F-11D3-BF4B-00C04F79EFBC}") = "OOM Project-1", "OOM Project-1\OOM Project-1.csproj", "{49DFCBB8-539C-4795-9278-E2C179370923}"
EndProject
Global
	GlobalSection(SolutionConfigurationPlatforms) = preSolution
		Debug|Any CPU = Debug|Any CPU
		Release|Any CPU = Release|Any CPU
	EndGlobalSection
	GlobalSection(ProjectConfigurationPlatforms) = postSolution
		{49DFCBB8-539C-4795-9278-E2C179370923}.Debug|Any CPU.ActiveCfg = Debug|Any CPU
		{49DFCBB8-539C-4795-9278-E2C179370923}.Debug|Any CPU.Build.0 = Debug|Any CPU
		{49DFCBB8-539C-4795-9278-E2C179370923}.Release|Any CPU.ActiveCfg = Release|Any CPU
		{49DFCBB8-539C-4795-9278-E2C179370923}.Release|Any CPU.Build.0 = Release|Any CPU
	EndGlobalSection
	GlobalSection(SolutionProperties) = preSolution
		HideSolutionNode = FALSE
	EndGlobalSection
	GlobalSection(ExtensibilityGlobals) = postSolution
		SolutionGuid = {6C260D38-8E0C-456E-9DBD-F9073E06CB98}
	EndGlobalSection
EndGlobal
